# This file is generated by running "yarn install" inside your project.
# Manual changes might be lost - proceed with caution!

__metadata:
  version: 6
  cacheKey: 8

"@next/env@npm:12.3.4":
  version: 12.3.4
  resolution: "@next/env@npm:12.3.4"
  checksum: daa3fc11efd1344c503eab41311a0e503ba7fd08607eeb3dc571036a6211eb37959cc4ed48b71dcc411cc214e7623ffd02411080aad3e09dc6a1192d5b256e60
  languageName: node
  linkType: hard

"@next/swc-android-arm-eabi@npm:12.3.4":
  version: 12.3.4
  resolution: "@next/swc-android-arm-eabi@npm:12.3.4"
  conditions: os=android & cpu=arm
  languageName: node
  linkType: hard

"@next/swc-android-arm64@npm:12.3.4":
  version: 12.3.4
  resolution: "@next/swc-android-arm64@npm:12.3.4"
  conditions: os=android & cpu=arm64
  languageName: node
  linkType: hard

"@next/swc-darwin-arm64@npm:12.3.4":
  version: 12.3.4
  resolution: "@next/swc-darwin-arm64@npm:12.3.4"
  conditions: os=darwin & cpu=arm64
  languageName: node
  linkType: hard

"@next/swc-darwin-x64@npm:12.3.4":
  version: 12.3.4
  resolution: "@next/swc-darwin-x64@npm:12.3.4"
  conditions: os=darwin & cpu=x64
  languageName: node
  linkType: hard

"@next/swc-freebsd-x64@npm:12.3.4":
  version: 12.3.4
  resolution: "@next/swc-freebsd-x64@npm:12.3.4"
  conditions: os=freebsd & cpu=x64
  languageName: node
  linkType: hard

"@next/swc-linux-arm-gnueabihf@npm:12.3.4":
  version: 12.3.4
  resolution: "@next/swc-linux-arm-gnueabihf@npm:12.3.4"
  conditions: os=linux & cpu=arm
  languageName: node
  linkType: hard

"@next/swc-linux-arm64-gnu@npm:12.3.4":
  version: 12.3.4
  resolution: "@next/swc-linux-arm64-gnu@npm:12.3.4"
  conditions: os=linux & cpu=arm64 & libc=glibc
  languageName: node
  linkType: hard

"@next/swc-linux-arm64-musl@npm:12.3.4":
  version: 12.3.4
  resolution: "@next/swc-linux-arm64-musl@npm:12.3.4"
  conditions: os=linux & cpu=arm64 & libc=musl
  languageName: node
  linkType: hard

"@next/swc-linux-x64-gnu@npm:12.3.4":
  version: 12.3.4
  resolution: "@next/swc-linux-x64-gnu@npm:12.3.4"
  conditions: os=linux & cpu=x64 & libc=glibc
  languageName: node
  linkType: hard

"@next/swc-linux-x64-musl@npm:12.3.4":
  version: 12.3.4
  resolution: "@next/swc-linux-x64-musl@npm:12.3.4"
  conditions: os=linux & cpu=x64 & libc=musl
  languageName: node
  linkType: hard

"@next/swc-win32-arm64-msvc@npm:12.3.4":
  version: 12.3.4
  resolution: "@next/swc-win32-arm64-msvc@npm:12.3.4"
  conditions: os=win32 & cpu=arm64
  languageName: node
  linkType: hard

"@next/swc-win32-ia32-msvc@npm:12.3.4":
  version: 12.3.4
  resolution: "@next/swc-win32-ia32-msvc@npm:12.3.4"
  conditions: os=win32 & cpu=ia32
  languageName: node
  linkType: hard

"@next/swc-win32-x64-msvc@npm:12.3.4":
  version: 12.3.4
  resolution: "@next/swc-win32-x64-msvc@npm:12.3.4"
  conditions: os=win32 & cpu=x64
  languageName: node
  linkType: hard

"@swc/helpers@npm:0.4.11":
  version: 0.4.11
  resolution: "@swc/helpers@npm:0.4.11"
  dependencies:
    tslib: ^2.4.0
  checksum: 736857d524b41a8a4db81094e9b027f554004e0fa3e86325d85bdb38f7e6459ce022db079edb6c61ba0f46fe8583b3e663e95f7acbd13e51b8da6c34e45bba2e
  languageName: node
  linkType: hard

"@types/debug@npm:^4.0.0":
  version: 4.1.8
  resolution: "@types/debug@npm:4.1.8"
  dependencies:
    "@types/ms": "*"
  checksum: a9a9bb40a199e9724aa944e139a7659173a9b274798ea7efbc277cb084bc37d32fc4c00877c3496fac4fed70a23243d284adb75c00b5fdabb38a22154d18e5df
  languageName: node
  linkType: hard

"@types/hast@npm:^2.0.0":
  version: 2.3.4
  resolution: "@types/hast@npm:2.3.4"
  dependencies:
    "@types/unist": "*"
  checksum: fff47998f4c11e21a7454b58673f70478740ecdafd95aaf50b70a3daa7da9cdc57315545bf9c039613732c40b7b0e9e49d11d03fe9a4304721cdc3b29a88141e
  languageName: node
  linkType: hard

"@types/marked@npm:^5.0.0":
  version: 5.0.0
  resolution: "@types/marked@npm:5.0.0"
  checksum: 4828a51186074ac18bd04e2f84aff17e97ec72b227f9f4be0cedff6de6fe0fec016250bc22b2ae5d40d7cf0e6de1853df5d437f2dfe983cd96928763c75e6e47
  languageName: node
  linkType: hard

"@types/mdast@npm:^3.0.0":
  version: 3.0.11
  resolution: "@types/mdast@npm:3.0.11"
  dependencies:
    "@types/unist": "*"
  checksum: 3b04cf465535553b47a1811c247668bd6cfeb54d99a2c9dbb82ccd0f5145d271d10c3169f929701d8cd55fd569f0d2e459a50845813ba3261f1fb0395a288cea
  languageName: node
  linkType: hard

"@types/ms@npm:*":
  version: 0.7.31
  resolution: "@types/ms@npm:0.7.31"
  checksum: daadd354aedde024cce6f5aa873fefe7b71b22cd0e28632a69e8b677aeb48ae8caa1c60e5919bb781df040d116b01cb4316335167a3fc0ef6a63fa3614c0f6da
  languageName: node
  linkType: hard

"@types/node@npm:20.4.1":
  version: 20.4.1
  resolution: "@types/node@npm:20.4.1"
  checksum: 22cbcc792f2eb636fe4188778ed0f32658ab872aa7fcb9847b3fa289a42b14b9f5e30c6faec50ef3c7adbc6c2a246926e5858136bb8b10c035a3fcaa6afbeed2
  languageName: node
  linkType: hard

"@types/parse5@npm:^6.0.0":
  version: 6.0.3
  resolution: "@types/parse5@npm:6.0.3"
  checksum: ddb59ee4144af5dfcc508a8dcf32f37879d11e12559561e65788756b95b33e6f03ea027d88e1f5408f9b7bfb656bf630ace31a2169edf44151daaf8dd58df1b7
  languageName: node
  linkType: hard

"@types/prop-types@npm:*":
  version: 15.7.5
  resolution: "@types/prop-types@npm:15.7.5"
  checksum: 5b43b8b15415e1f298243165f1d44390403bb2bd42e662bca3b5b5633fdd39c938e91b7fce3a9483699db0f7a715d08cef220c121f723a634972fdf596aec980
  languageName: node
  linkType: hard

"@types/react@npm:18.2.14":
  version: 18.2.14
  resolution: "@types/react@npm:18.2.14"
  dependencies:
    "@types/prop-types": "*"
    "@types/scheduler": "*"
    csstype: ^3.0.2
  checksum: a6a5e8cc78f486b9020d1ad009aa6c56943c68c7c6376e0f8399e9cbcd950b7b8f5d73f00200f5379f5e58d31d57d8aed24357f301d8e86108cd438ce6c8b3dd
  languageName: node
  linkType: hard

"@types/scheduler@npm:*":
  version: 0.16.3
  resolution: "@types/scheduler@npm:0.16.3"
  checksum: 2b0aec39c24268e3ce938c5db2f2e77f5c3dd280e05c262d9c2fe7d890929e4632a6b8e94334017b66b45e4f92a5aa42ba3356640c2a1175fa37bef2f5200767
  languageName: node
  linkType: hard

"@types/unist@npm:*":
  version: 3.0.0
  resolution: "@types/unist@npm:3.0.0"
  checksum: e9d21a8fb5e332be0acef29192d82632875b2ef3e700f1bc64fdfc1520189542de85c3d4f3bcfbc2f4afdb210f4c23f68061f3fbf10744e920d4f18430d19f49
  languageName: node
  linkType: hard

"@types/unist@npm:^2.0.0":
  version: 2.0.6
  resolution: "@types/unist@npm:2.0.6"
  checksum: 25cb860ff10dde48b54622d58b23e66214211a61c84c0f15f88d38b61aa1b53d4d46e42b557924a93178c501c166aa37e28d7f6d994aba13d24685326272d5db
  languageName: node
  linkType: hard

"argparse@npm:^1.0.7":
  version: 1.0.10
  resolution: "argparse@npm:1.0.10"
  dependencies:
    sprintf-js: ~1.0.2
  checksum: 7ca6e45583a28de7258e39e13d81e925cfa25d7d4aacbf806a382d3c02fcb13403a07fb8aeef949f10a7cfe4a62da0e2e807b348a5980554cc28ee573ef95945
  languageName: node
  linkType: hard

"bail@npm:^2.0.0":
  version: 2.0.2
  resolution: "bail@npm:2.0.2"
  checksum: aab4e8ccdc8d762bf3fdfce8e706601695620c0c2eda256dd85088dc0be3cfd7ff126f6e99c2bee1f24f5d418414aacf09d7f9702f16d6963df2fa488cda8824
  languageName: node
  linkType: hard

"caniuse-lite@npm:^1.0.30001406":
  version: 1.0.30001514
  resolution: "caniuse-lite@npm:1.0.30001514"
  checksum: ee2e90fe63cb59fb4a1515eb6b157f1c26d3ccba496b994b0f03088c39c282ee2fb8c160ad7b677ee196b5bb078b23f2f9474c32e4e47724f4d782de92bb8bbe
  languageName: node
  linkType: hard

"ccount@npm:^2.0.0":
  version: 2.0.1
  resolution: "ccount@npm:2.0.1"
  checksum: 48193dada54c9e260e0acf57fc16171a225305548f9ad20d5471e0f7a8c026aedd8747091dccb0d900cde7df4e4ddbd235df0d8de4a64c71b12f0d3303eeafd4
  languageName: node
  linkType: hard

"character-entities-html4@npm:^2.0.0":
  version: 2.1.0
  resolution: "character-entities-html4@npm:2.1.0"
  checksum: 7034aa7c7fa90309667f6dd50499c8a760c3d3a6fb159adb4e0bada0107d194551cdbad0714302f62d06ce4ed68565c8c2e15fdef2e8f8764eb63fa92b34b11d
  languageName: node
  linkType: hard

"character-entities-legacy@npm:^3.0.0":
  version: 3.0.0
  resolution: "character-entities-legacy@npm:3.0.0"
  checksum: 7582af055cb488b626d364b7d7a4e46b06abd526fb63c0e4eb35bcb9c9799cc4f76b39f34fdccef2d1174ac95e53e9ab355aae83227c1a2505877893fce77731
  languageName: node
  linkType: hard

"character-entities@npm:^2.0.0":
  version: 2.0.2
  resolution: "character-entities@npm:2.0.2"
  checksum: cf1643814023697f725e47328fcec17923b8f1799102a8a79c1514e894815651794a2bffd84bb1b3a4b124b050154e4529ed6e81f7c8068a734aecf07a6d3def
  languageName: node
  linkType: hard

"comma-separated-tokens@npm:^2.0.0":
  version: 2.0.3
  resolution: "comma-separated-tokens@npm:2.0.3"
  checksum: e3bf9e0332a5c45f49b90e79bcdb4a7a85f28d6a6f0876a94f1bb9b2bfbdbbb9292aac50e1e742d8c0db1e62a0229a106f57917e2d067fca951d81737651700d
  languageName: node
  linkType: hard

"csstype@npm:^3.0.2":
  version: 3.1.2
  resolution: "csstype@npm:3.1.2"
  checksum: e1a52e6c25c1314d6beef5168da704ab29c5186b877c07d822bd0806717d9a265e8493a2e35ca7e68d0f5d472d43fac1cdce70fd79fd0853dff81f3028d857b5
  languageName: node
  linkType: hard

"debug@npm:^4.0.0":
  version: 4.3.4
  resolution: "debug@npm:4.3.4"
  dependencies:
    ms: 2.1.2
  peerDependenciesMeta:
    supports-color:
      optional: true
  checksum: 3dbad3f94ea64f34431a9cbf0bafb61853eda57bff2880036153438f50fb5a84f27683ba0d8e5426bf41a8c6ff03879488120cf5b3a761e77953169c0600a708
  languageName: node
  linkType: hard

"decode-named-character-reference@npm:^1.0.0":
  version: 1.0.2
  resolution: "decode-named-character-reference@npm:1.0.2"
  dependencies:
    character-entities: ^2.0.0
  checksum: f4c71d3b93105f20076052f9cb1523a22a9c796b8296cd35eef1ca54239c78d182c136a848b83ff8da2071e3ae2b1d300bf29d00650a6d6e675438cc31b11d78
  languageName: node
  linkType: hard

"dequal@npm:^2.0.0":
  version: 2.0.3
  resolution: "dequal@npm:2.0.3"
  checksum: 8679b850e1a3d0ebbc46ee780d5df7b478c23f335887464023a631d1b9af051ad4a6595a44220f9ff8ff95a8ddccf019b5ad778a976fd7bbf77383d36f412f90
  languageName: node
  linkType: hard

"diff@npm:^5.0.0":
  version: 5.1.0
  resolution: "diff@npm:5.1.0"
  checksum: c7bf0df7c9bfbe1cf8a678fd1b2137c4fb11be117a67bc18a0e03ae75105e8533dbfb1cda6b46beb3586ef5aed22143ef9d70713977d5fb1f9114e21455fba90
  languageName: node
  linkType: hard

"esprima@npm:^4.0.0":
  version: 4.0.1
  resolution: "esprima@npm:4.0.1"
  bin:
    esparse: ./bin/esparse.js
    esvalidate: ./bin/esvalidate.js
  checksum: b45bc805a613dbea2835278c306b91aff6173c8d034223fa81498c77dcbce3b2931bf6006db816f62eacd9fd4ea975dfd85a5b7f3c6402cfd050d4ca3c13a628
  languageName: node
  linkType: hard

"extend-shallow@npm:^2.0.1":
  version: 2.0.1
  resolution: "extend-shallow@npm:2.0.1"
  dependencies:
    is-extendable: ^0.1.0
  checksum: 8fb58d9d7a511f4baf78d383e637bd7d2e80843bd9cd0853649108ea835208fb614da502a553acc30208e1325240bb7cc4a68473021612496bb89725483656d8
  languageName: node
  linkType: hard

"extend@npm:^3.0.0":
  version: 3.0.2
  resolution: "extend@npm:3.0.2"
  checksum: a50a8309ca65ea5d426382ff09f33586527882cf532931cb08ca786ea3146c0553310bda688710ff61d7668eba9f96b923fe1420cdf56a2c3eaf30fcab87b515
  languageName: node
  linkType: hard

"gray-matter@npm:^4.0.3":
  version: 4.0.3
  resolution: "gray-matter@npm:4.0.3"
  dependencies:
    js-yaml: ^3.13.1
    kind-of: ^6.0.2
    section-matter: ^1.0.0
    strip-bom-string: ^1.0.0
  checksum: 37717bd424344487d655392251ce8d8878a1275ee087003e61208fba3bfd59cbb73a85b2159abf742ae95e23db04964813fdc33ae18b074208428b2528205222
  languageName: node
  linkType: hard

"hast-util-from-parse5@npm:^7.0.0":
  version: 7.1.2
  resolution: "hast-util-from-parse5@npm:7.1.2"
  dependencies:
    "@types/hast": ^2.0.0
    "@types/unist": ^2.0.0
    hastscript: ^7.0.0
    property-information: ^6.0.0
    vfile: ^5.0.0
    vfile-location: ^4.0.0
    web-namespaces: ^2.0.0
  checksum: 7b4ed5b508b1352127c6719f7b0c0880190cf9859fe54ccaf7c9228ecf623d36cef3097910b3874d2fe1aac6bf4cf45d3cc2303daac3135a05e9ade6534ddddb
  languageName: node
  linkType: hard

"hast-util-parse-selector@npm:^3.0.0":
  version: 3.1.1
  resolution: "hast-util-parse-selector@npm:3.1.1"
  dependencies:
    "@types/hast": ^2.0.0
  checksum: 511d373465f60dd65e924f88bf0954085f4fb6e3a2b062a4b5ac43b93cbfd36a8dce6234b5d1e3e63499d936375687e83fc5da55628b22bd6b581b5ee167d1c4
  languageName: node
  linkType: hard

"hast-util-raw@npm:^7.0.0":
  version: 7.2.3
  resolution: "hast-util-raw@npm:7.2.3"
  dependencies:
    "@types/hast": ^2.0.0
    "@types/parse5": ^6.0.0
    hast-util-from-parse5: ^7.0.0
    hast-util-to-parse5: ^7.0.0
    html-void-elements: ^2.0.0
    parse5: ^6.0.0
    unist-util-position: ^4.0.0
    unist-util-visit: ^4.0.0
    vfile: ^5.0.0
    web-namespaces: ^2.0.0
    zwitch: ^2.0.0
  checksum: 21857eea3ffb8fd92d2d9be7793b56d0b2c40db03c4cfa14828855ae41d7c584917aa83efb7157220b2e41e25e95f81f24679ac342c35145e5f1c1d39015f81f
  languageName: node
  linkType: hard

"hast-util-to-html@npm:^8.0.0":
  version: 8.0.4
  resolution: "hast-util-to-html@npm:8.0.4"
  dependencies:
    "@types/hast": ^2.0.0
    "@types/unist": ^2.0.0
    ccount: ^2.0.0
    comma-separated-tokens: ^2.0.0
    hast-util-raw: ^7.0.0
    hast-util-whitespace: ^2.0.0
    html-void-elements: ^2.0.0
    property-information: ^6.0.0
    space-separated-tokens: ^2.0.0
    stringify-entities: ^4.0.0
    zwitch: ^2.0.4
  checksum: 8f2ae071df2ced5afb4f19f76af8fd3a2f837dc47bcc1c0e0c1578d29dafcd28738f9617505d13c4a2adf13d70e043143e2ad8f130d5554ab4fc11bfa8f74094
  languageName: node
  linkType: hard

"hast-util-to-parse5@npm:^7.0.0":
  version: 7.1.0
  resolution: "hast-util-to-parse5@npm:7.1.0"
  dependencies:
    "@types/hast": ^2.0.0
    comma-separated-tokens: ^2.0.0
    property-information: ^6.0.0
    space-separated-tokens: ^2.0.0
    web-namespaces: ^2.0.0
    zwitch: ^2.0.0
  checksum: 3a7f2175a3db599bbae7e49ba73d3e5e688e5efca7590ff50130ba108ad649f728402815d47db49146f6b94c14c934bf119915da9f6964e38802c122bcc8af6b
  languageName: node
  linkType: hard

"hast-util-whitespace@npm:^2.0.0":
  version: 2.0.1
  resolution: "hast-util-whitespace@npm:2.0.1"
  checksum: 431be6b2f35472f951615540d7a53f69f39461e5e080c0190268bdeb2be9ab9b1dddfd1f467dd26c1de7e7952df67beb1307b6ee940baf78b24a71b5e0663868
  languageName: node
  linkType: hard

"hastscript@npm:^7.0.0":
  version: 7.2.0
  resolution: "hastscript@npm:7.2.0"
  dependencies:
    "@types/hast": ^2.0.0
    comma-separated-tokens: ^2.0.0
    hast-util-parse-selector: ^3.0.0
    property-information: ^6.0.0
    space-separated-tokens: ^2.0.0
  checksum: 928a21576ff7b9a8c945e7940bcbf2d27f770edb4279d4d04b33dc90753e26ca35c1172d626f54afebd377b2afa32331e399feb3eb0f7b91a399dca5927078ae
  languageName: node
  linkType: hard

"html-void-elements@npm:^2.0.0":
  version: 2.0.1
  resolution: "html-void-elements@npm:2.0.1"
  checksum: 06d41f13b9d5d6e0f39861c4bec9a9196fa4906d56cd5cf6cf54ad2e52a85bf960cca2bf9600026bde16c8331db171bedba5e5a35e2e43630c8f1d497b2fb658
  languageName: node
  linkType: hard

"is-buffer@npm:^2.0.0":
  version: 2.0.5
  resolution: "is-buffer@npm:2.0.5"
  checksum: 764c9ad8b523a9f5a32af29bdf772b08eb48c04d2ad0a7240916ac2688c983bf5f8504bf25b35e66240edeb9d9085461f9b5dae1f3d2861c6b06a65fe983de42
  languageName: node
  linkType: hard

"is-extendable@npm:^0.1.0":
  version: 0.1.1
  resolution: "is-extendable@npm:0.1.1"
  checksum: 3875571d20a7563772ecc7a5f36cb03167e9be31ad259041b4a8f73f33f885441f778cee1f1fe0085eb4bc71679b9d8c923690003a36a6a5fdf8023e6e3f0672
  languageName: node
  linkType: hard

"is-plain-obj@npm:^4.0.0":
  version: 4.1.0
  resolution: "is-plain-obj@npm:4.1.0"
  checksum: 6dc45da70d04a81f35c9310971e78a6a3c7a63547ef782e3a07ee3674695081b6ca4e977fbb8efc48dae3375e0b34558d2bcd722aec9bddfa2d7db5b041be8ce
  languageName: node
  linkType: hard

"js-tokens@npm:^3.0.0 || ^4.0.0":
  version: 4.0.0
  resolution: "js-tokens@npm:4.0.0"
  checksum: 8a95213a5a77deb6cbe94d86340e8d9ace2b93bc367790b260101d2f36a2eaf4e4e22d9fa9cf459b38af3a32fb4190e638024cf82ec95ef708680e405ea7cc78
  languageName: node
  linkType: hard

"js-yaml@npm:^3.13.1":
  version: 3.14.1
  resolution: "js-yaml@npm:3.14.1"
  dependencies:
    argparse: ^1.0.7
    esprima: ^4.0.0
  bin:
    js-yaml: bin/js-yaml.js
  checksum: bef146085f472d44dee30ec34e5cf36bf89164f5d585435a3d3da89e52622dff0b188a580e4ad091c3341889e14cb88cac6e4deb16dc5b1e9623bb0601fc255c
  languageName: node
  linkType: hard

"kind-of@npm:^6.0.0, kind-of@npm:^6.0.2":
  version: 6.0.3
  resolution: "kind-of@npm:6.0.3"
  checksum: 3ab01e7b1d440b22fe4c31f23d8d38b4d9b91d9f291df683476576493d5dfd2e03848a8b05813dd0c3f0e835bc63f433007ddeceb71f05cb25c45ae1b19c6d3b
  languageName: node
  linkType: hard

"kleur@npm:^4.0.3":
  version: 4.1.5
  resolution: "kleur@npm:4.1.5"
  checksum: 1dc476e32741acf0b1b5b0627ffd0d722e342c1b0da14de3e8ae97821327ca08f9fb944542fb3c126d90ac5f27f9d804edbe7c585bf7d12ef495d115e0f22c12
  languageName: node
  linkType: hard

"loose-envify@npm:^1.1.0":
  version: 1.4.0
  resolution: "loose-envify@npm:1.4.0"
  dependencies:
    js-tokens: ^3.0.0 || ^4.0.0
  bin:
    loose-envify: cli.js
  checksum: 6517e24e0cad87ec9888f500c5b5947032cdfe6ef65e1c1936a0c48a524b81e65542c9c3edc91c97d5bddc806ee2a985dbc79be89215d613b1de5db6d1cfe6f4
  languageName: node
  linkType: hard

"marked@npm:^5.1.1":
  version: 5.1.1
  resolution: "marked@npm:5.1.1"
  bin:
    marked: bin/marked.js
  checksum: e0c6d3a63d01c3b47f7758c3add02abdb3747701b6fce60c4b5602cc3b33122439c5c0a95ac1e8b5fcbb0f7d3aa7af2126aa56074c3d41e207bf9a9ed9948026
  languageName: node
  linkType: hard

"mdast-util-definitions@npm:^5.0.0":
  version: 5.1.2
  resolution: "mdast-util-definitions@npm:5.1.2"
  dependencies:
    "@types/mdast": ^3.0.0
    "@types/unist": ^2.0.0
    unist-util-visit: ^4.0.0
  checksum: 2544daccab744ea1ede76045c2577ae4f1cc1b9eb1ea51ab273fe1dca8db5a8d6f50f87759c0ce6484975914b144b7f40316f805cb9c86223a78db8de0b77bae
  languageName: node
  linkType: hard

"mdast-util-from-markdown@npm:^1.0.0":
  version: 1.3.1
  resolution: "mdast-util-from-markdown@npm:1.3.1"
  dependencies:
    "@types/mdast": ^3.0.0
    "@types/unist": ^2.0.0
    decode-named-character-reference: ^1.0.0
    mdast-util-to-string: ^3.1.0
    micromark: ^3.0.0
    micromark-util-decode-numeric-character-reference: ^1.0.0
    micromark-util-decode-string: ^1.0.0
    micromark-util-normalize-identifier: ^1.0.0
    micromark-util-symbol: ^1.0.0
    micromark-util-types: ^1.0.0
    unist-util-stringify-position: ^3.0.0
    uvu: ^0.5.0
  checksum: c2fac225167e248d394332a4ea39596e04cbde07d8cdb3889e91e48972c4c3462a02b39fda3855345d90231eb17a90ac6e082fb4f012a77c1d0ddfb9c7446940
  languageName: node
  linkType: hard

"mdast-util-to-hast@npm:^12.1.0":
  version: 12.3.0
  resolution: "mdast-util-to-hast@npm:12.3.0"
  dependencies:
    "@types/hast": ^2.0.0
    "@types/mdast": ^3.0.0
    mdast-util-definitions: ^5.0.0
    micromark-util-sanitize-uri: ^1.1.0
    trim-lines: ^3.0.0
    unist-util-generated: ^2.0.0
    unist-util-position: ^4.0.0
    unist-util-visit: ^4.0.0
  checksum: ea40c9f07dd0b731754434e81c913590c611b1fd753fa02550a1492aadfc30fb3adecaf62345ebb03cea2ddd250c15ab6e578fffde69c19955c9b87b10f2a9bb
  languageName: node
  linkType: hard

"mdast-util-to-string@npm:^3.1.0":
  version: 3.2.0
  resolution: "mdast-util-to-string@npm:3.2.0"
  dependencies:
    "@types/mdast": ^3.0.0
  checksum: dc40b544d54339878ae2c9f2b3198c029e1e07291d2126bd00ca28272ee6616d0d2194eb1c9828a7c34d412a79a7e73b26512a734698d891c710a1e73db1e848
  languageName: node
  linkType: hard

"micromark-core-commonmark@npm:^1.0.1":
  version: 1.1.0
  resolution: "micromark-core-commonmark@npm:1.1.0"
  dependencies:
    decode-named-character-reference: ^1.0.0
    micromark-factory-destination: ^1.0.0
    micromark-factory-label: ^1.0.0
    micromark-factory-space: ^1.0.0
    micromark-factory-title: ^1.0.0
    micromark-factory-whitespace: ^1.0.0
    micromark-util-character: ^1.0.0
    micromark-util-chunked: ^1.0.0
    micromark-util-classify-character: ^1.0.0
    micromark-util-html-tag-name: ^1.0.0
    micromark-util-normalize-identifier: ^1.0.0
    micromark-util-resolve-all: ^1.0.0
    micromark-util-subtokenize: ^1.0.0
    micromark-util-symbol: ^1.0.0
    micromark-util-types: ^1.0.1
    uvu: ^0.5.0
  checksum: c6dfedc95889cc73411cb222fc2330b9eda6d849c09c9fd9eb3cd3398af246167e9d3cdb0ae3ce9ae59dd34a14624c8330e380255d41279ad7350cf6c6be6c5b
  languageName: node
  linkType: hard

"micromark-factory-destination@npm:^1.0.0":
  version: 1.1.0
  resolution: "micromark-factory-destination@npm:1.1.0"
  dependencies:
    micromark-util-character: ^1.0.0
    micromark-util-symbol: ^1.0.0
    micromark-util-types: ^1.0.0
  checksum: 9e2b5fb5fedbf622b687e20d51eb3d56ae90c0e7ecc19b37bd5285ec392c1e56f6e21aa7cfcb3c01eda88df88fe528f3acb91a5f57d7f4cba310bc3cd7f824fa
  languageName: node
  linkType: hard

"micromark-factory-label@npm:^1.0.0":
  version: 1.1.0
  resolution: "micromark-factory-label@npm:1.1.0"
  dependencies:
    micromark-util-character: ^1.0.0
    micromark-util-symbol: ^1.0.0
    micromark-util-types: ^1.0.0
    uvu: ^0.5.0
  checksum: fcda48f1287d9b148c562c627418a2ab759cdeae9c8e017910a0cba94bb759a96611e1fc6df33182e97d28fbf191475237298983bb89ef07d5b02464b1ad28d5
  languageName: node
  linkType: hard

"micromark-factory-space@npm:^1.0.0":
  version: 1.1.0
  resolution: "micromark-factory-space@npm:1.1.0"
  dependencies:
    micromark-util-character: ^1.0.0
    micromark-util-types: ^1.0.0
  checksum: b58435076b998a7e244259a4694eb83c78915581206b6e7fc07b34c6abd36a1726ade63df8972fbf6c8fa38eecb9074f4e17be8d53f942e3b3d23d1a0ecaa941
  languageName: node
  linkType: hard

"micromark-factory-title@npm:^1.0.0":
  version: 1.1.0
  resolution: "micromark-factory-title@npm:1.1.0"
  dependencies:
    micromark-factory-space: ^1.0.0
    micromark-util-character: ^1.0.0
    micromark-util-symbol: ^1.0.0
    micromark-util-types: ^1.0.0
  checksum: 4432d3dbc828c81f483c5901b0c6591a85d65a9e33f7d96ba7c3ae821617a0b3237ff5faf53a9152d00aaf9afb3a9f185b205590f40ed754f1d9232e0e9157b1
  languageName: node
  linkType: hard

"micromark-factory-whitespace@npm:^1.0.0":
  version: 1.1.0
  resolution: "micromark-factory-whitespace@npm:1.1.0"
  dependencies:
    micromark-factory-space: ^1.0.0
    micromark-util-character: ^1.0.0
    micromark-util-symbol: ^1.0.0
    micromark-util-types: ^1.0.0
  checksum: ef0fa682c7d593d85a514ee329809dee27d10bc2a2b65217d8ef81173e33b8e83c549049764b1ad851adfe0a204dec5450d9d20a4ca8598f6c94533a73f73fcd
  languageName: node
  linkType: hard

"micromark-util-character@npm:^1.0.0":
  version: 1.2.0
  resolution: "micromark-util-character@npm:1.2.0"
  dependencies:
    micromark-util-symbol: ^1.0.0
    micromark-util-types: ^1.0.0
  checksum: 089e79162a19b4a28731736246579ab7e9482ac93cd681c2bfca9983dcff659212ef158a66a5957e9d4b1dba957d1b87b565d85418a5b009f0294f1f07f2aaac
  languageName: node
  linkType: hard

"micromark-util-chunked@npm:^1.0.0":
  version: 1.1.0
  resolution: "micromark-util-chunked@npm:1.1.0"
  dependencies:
    micromark-util-symbol: ^1.0.0
  checksum: c435bde9110cb595e3c61b7f54c2dc28ee03e6a57fa0fc1e67e498ad8bac61ee5a7457a2b6a73022ddc585676ede4b912d28dcf57eb3bd6951e54015e14dc20b
  languageName: node
  linkType: hard

"micromark-util-classify-character@npm:^1.0.0":
  version: 1.1.0
  resolution: "micromark-util-classify-character@npm:1.1.0"
  dependencies:
    micromark-util-character: ^1.0.0
    micromark-util-symbol: ^1.0.0
    micromark-util-types: ^1.0.0
  checksum: 8499cb0bb1f7fb946f5896285fcca65cd742f66cd3e79ba7744792bd413ec46834f932a286de650349914d02e822946df3b55d03e6a8e1d245d1ddbd5102e5b0
  languageName: node
  linkType: hard

"micromark-util-combine-extensions@npm:^1.0.0":
  version: 1.1.0
  resolution: "micromark-util-combine-extensions@npm:1.1.0"
  dependencies:
    micromark-util-chunked: ^1.0.0
    micromark-util-types: ^1.0.0
  checksum: ee78464f5d4b61ccb437850cd2d7da4d690b260bca4ca7a79c4bb70291b84f83988159e373b167181b6716cb197e309bc6e6c96a68cc3ba9d50c13652774aba9
  languageName: node
  linkType: hard

"micromark-util-decode-numeric-character-reference@npm:^1.0.0":
  version: 1.1.0
  resolution: "micromark-util-decode-numeric-character-reference@npm:1.1.0"
  dependencies:
    micromark-util-symbol: ^1.0.0
  checksum: 4733fe75146e37611243f055fc6847137b66f0cde74d080e33bd26d0408c1d6f44cabc984063eee5968b133cb46855e729d555b9ff8d744652262b7b51feec73
  languageName: node
  linkType: hard

"micromark-util-decode-string@npm:^1.0.0":
  version: 1.1.0
  resolution: "micromark-util-decode-string@npm:1.1.0"
  dependencies:
    decode-named-character-reference: ^1.0.0
    micromark-util-character: ^1.0.0
    micromark-util-decode-numeric-character-reference: ^1.0.0
    micromark-util-symbol: ^1.0.0
  checksum: f1625155db452f15aa472918499689ba086b9c49d1322a08b22bfbcabe918c61b230a3002c8bc3ea9b1f52ca7a9bb1c3dd43ccb548c7f5f8b16c24a1ae77a813
  languageName: node
  linkType: hard

"micromark-util-encode@npm:^1.0.0":
  version: 1.1.0
  resolution: "micromark-util-encode@npm:1.1.0"
  checksum: 4ef29d02b12336918cea6782fa87c8c578c67463925221d4e42183a706bde07f4b8b5f9a5e1c7ce8c73bb5a98b261acd3238fecd152e6dd1cdfa2d1ae11b60a0
  languageName: node
  linkType: hard

"micromark-util-html-tag-name@npm:^1.0.0":
  version: 1.2.0
  resolution: "micromark-util-html-tag-name@npm:1.2.0"
  checksum: ccf0fa99b5c58676dc5192c74665a3bfd1b536fafaf94723bd7f31f96979d589992df6fcf2862eba290ef18e6a8efb30ec8e1e910d9f3fc74f208871e9f84750
  languageName: node
  linkType: hard

"micromark-util-normalize-identifier@npm:^1.0.0":
  version: 1.1.0
  resolution: "micromark-util-normalize-identifier@npm:1.1.0"
  dependencies:
    micromark-util-symbol: ^1.0.0
  checksum: 8655bea41ffa4333e03fc22462cb42d631bbef9c3c07b625fd852b7eb442a110f9d2e5902a42e65188d85498279569502bf92f3434a1180fc06f7c37edfbaee2
  languageName: node
  linkType: hard

"micromark-util-resolve-all@npm:^1.0.0":
  version: 1.1.0
  resolution: "micromark-util-resolve-all@npm:1.1.0"
  dependencies:
    micromark-util-types: ^1.0.0
  checksum: 1ce6c0237cd3ca061e76fae6602cf95014e764a91be1b9f10d36cb0f21ca88f9a07de8d49ab8101efd0b140a4fbfda6a1efb72027ab3f4d5b54c9543271dc52c
  languageName: node
  linkType: hard

"micromark-util-sanitize-uri@npm:^1.0.0, micromark-util-sanitize-uri@npm:^1.1.0":
  version: 1.2.0
  resolution: "micromark-util-sanitize-uri@npm:1.2.0"
  dependencies:
    micromark-util-character: ^1.0.0
    micromark-util-encode: ^1.0.0
    micromark-util-symbol: ^1.0.0
  checksum: 6663f365c4fe3961d622a580f4a61e34867450697f6806f027f21cf63c92989494895fcebe2345d52e249fe58a35be56e223a9776d084c9287818b40c779acc1
  languageName: node
  linkType: hard

"micromark-util-subtokenize@npm:^1.0.0":
  version: 1.1.0
  resolution: "micromark-util-subtokenize@npm:1.1.0"
  dependencies:
    micromark-util-chunked: ^1.0.0
    micromark-util-symbol: ^1.0.0
    micromark-util-types: ^1.0.0
    uvu: ^0.5.0
  checksum: 4a9d780c4d62910e196ea4fd886dc4079d8e424e5d625c0820016da0ed399a281daff39c50f9288045cc4bcd90ab47647e5396aba500f0853105d70dc8b1fc45
  languageName: node
  linkType: hard

"micromark-util-symbol@npm:^1.0.0":
  version: 1.1.0
  resolution: "micromark-util-symbol@npm:1.1.0"
  checksum: 02414a753b79f67ff3276b517eeac87913aea6c028f3e668a19ea0fc09d98aea9f93d6222a76ca783d20299af9e4b8e7c797fe516b766185dcc6e93290f11f88
  languageName: node
  linkType: hard

"micromark-util-types@npm:^1.0.0, micromark-util-types@npm:^1.0.1":
  version: 1.1.0
  resolution: "micromark-util-types@npm:1.1.0"
  checksum: b0ef2b4b9589f15aec2666690477a6a185536927ceb7aa55a0f46475852e012d75a1ab945187e5c7841969a842892164b15d58ff8316b8e0d6cc920cabd5ede7
  languageName: node
  linkType: hard

"micromark@npm:^3.0.0":
  version: 3.2.0
  resolution: "micromark@npm:3.2.0"
  dependencies:
    "@types/debug": ^4.0.0
    debug: ^4.0.0
    decode-named-character-reference: ^1.0.0
    micromark-core-commonmark: ^1.0.1
    micromark-factory-space: ^1.0.0
    micromark-util-character: ^1.0.0
    micromark-util-chunked: ^1.0.0
    micromark-util-combine-extensions: ^1.0.0
    micromark-util-decode-numeric-character-reference: ^1.0.0
    micromark-util-encode: ^1.0.0
    micromark-util-normalize-identifier: ^1.0.0
    micromark-util-resolve-all: ^1.0.0
    micromark-util-sanitize-uri: ^1.0.0
    micromark-util-subtokenize: ^1.0.0
    micromark-util-symbol: ^1.0.0
    micromark-util-types: ^1.0.1
    uvu: ^0.5.0
  checksum: 56c15851ad3eb8301aede65603473443e50c92a54849cac1dadd57e4ec33ab03a0a77f3df03de47133e6e8f695dae83b759b514586193269e98c0bf319ecd5e4
  languageName: node
  linkType: hard

"mri@npm:^1.1.0":
  version: 1.2.0
  resolution: "mri@npm:1.2.0"
  checksum: 83f515abbcff60150873e424894a2f65d68037e5a7fcde8a9e2b285ee9c13ac581b63cfc1e6826c4732de3aeb84902f7c1e16b7aff46cd3f897a0f757a894e85
  languageName: node
  linkType: hard

"ms@npm:2.1.2":
  version: 2.1.2
  resolution: "ms@npm:2.1.2"
  checksum: 673cdb2c3133eb050c745908d8ce632ed2c02d85640e2edb3ace856a2266a813b30c613569bf3354fdf4ea7d1a1494add3bfa95e2713baa27d0c2c71fc44f58f
  languageName: node
  linkType: hard

"nanoid@npm:^3.3.4":
  version: 3.3.6
  resolution: "nanoid@npm:3.3.6"
  bin:
    nanoid: bin/nanoid.cjs
  checksum: 7d0eda657002738aa5206107bd0580aead6c95c460ef1bdd0b1a87a9c7ae6277ac2e9b945306aaa5b32c6dcb7feaf462d0f552e7f8b5718abfc6ead5c94a71b3
  languageName: node
  linkType: hard

"next-blog-ssg@workspace:.":
  version: 0.0.0-use.local
  resolution: "next-blog-ssg@workspace:."
  dependencies:
    "@types/marked": ^5.0.0
    "@types/node": 20.4.1
    "@types/react": 18.2.14
    gray-matter: ^4.0.3
    marked: ^5.1.1
    next: 12.3.4
    react: ^18.2.0
    react-dom: ^18.2.0
    rehype-stringify: ^9.0.3
    remark-parse: ^10.0.2
    remark-rehype: ^10.1.0
    typescript: 5.1.6
    unified: ^10.1.2
  languageName: unknown
  linkType: soft

"next@npm:12.3.4":
  version: 12.3.4
  resolution: "next@npm:12.3.4"
  dependencies:
    "@next/env": 12.3.4
    "@next/swc-android-arm-eabi": 12.3.4
    "@next/swc-android-arm64": 12.3.4
    "@next/swc-darwin-arm64": 12.3.4
    "@next/swc-darwin-x64": 12.3.4
    "@next/swc-freebsd-x64": 12.3.4
    "@next/swc-linux-arm-gnueabihf": 12.3.4
    "@next/swc-linux-arm64-gnu": 12.3.4
    "@next/swc-linux-arm64-musl": 12.3.4
    "@next/swc-linux-x64-gnu": 12.3.4
    "@next/swc-linux-x64-musl": 12.3.4
    "@next/swc-win32-arm64-msvc": 12.3.4
    "@next/swc-win32-ia32-msvc": 12.3.4
    "@next/swc-win32-x64-msvc": 12.3.4
    "@swc/helpers": 0.4.11
    caniuse-lite: ^1.0.30001406
    postcss: 8.4.14
    styled-jsx: 5.0.7
    use-sync-external-store: 1.2.0
  peerDependencies:
    fibers: ">= 3.1.0"
    node-sass: ^6.0.0 || ^7.0.0
    react: ^17.0.2 || ^18.0.0-0
    react-dom: ^17.0.2 || ^18.0.0-0
    sass: ^1.3.0
  dependenciesMeta:
    "@next/swc-android-arm-eabi":
      optional: true
    "@next/swc-android-arm64":
      optional: true
    "@next/swc-darwin-arm64":
      optional: true
    "@next/swc-darwin-x64":
      optional: true
    "@next/swc-freebsd-x64":
      optional: true
    "@next/swc-linux-arm-gnueabihf":
      optional: true
    "@next/swc-linux-arm64-gnu":
      optional: true
    "@next/swc-linux-arm64-musl":
      optional: true
    "@next/swc-linux-x64-gnu":
      optional: true
    "@next/swc-linux-x64-musl":
      optional: true
    "@next/swc-win32-arm64-msvc":
      optional: true
    "@next/swc-win32-ia32-msvc":
      optional: true
    "@next/swc-win32-x64-msvc":
      optional: true
  peerDependenciesMeta:
    fibers:
      optional: true
    node-sass:
      optional: true
    sass:
      optional: true
  bin:
    next: dist/bin/next
  checksum: d96fc4f5bcd5a630d74111519f4820dcbd75dddf16c6d00d2167bd3cb8d74965d46d83c8e5ec301bf999013c7d96f1bfff9424f0221317d68b594c4d01f5825e
  languageName: node
  linkType: hard

"parse5@npm:^6.0.0":
  version: 6.0.1
  resolution: "parse5@npm:6.0.1"
  checksum: 7d569a176c5460897f7c8f3377eff640d54132b9be51ae8a8fa4979af940830b2b0c296ce75e5bd8f4041520aadde13170dbdec44889975f906098ea0002f4bd
  languageName: node
  linkType: hard

"picocolors@npm:^1.0.0":
  version: 1.0.0
  resolution: "picocolors@npm:1.0.0"
  checksum: a2e8092dd86c8396bdba9f2b5481032848525b3dc295ce9b57896f931e63fc16f79805144321f72976383fc249584672a75cc18d6777c6b757603f372f745981
  languageName: node
  linkType: hard

"postcss@npm:8.4.14":
  version: 8.4.14
  resolution: "postcss@npm:8.4.14"
  dependencies:
    nanoid: ^3.3.4
    picocolors: ^1.0.0
    source-map-js: ^1.0.2
  checksum: fe58766ff32e4becf65a7d57678995cfd239df6deed2fe0557f038b47c94e4132e7e5f68b5aa820c13adfec32e523b693efaeb65798efb995ce49ccd83953816
  languageName: node
  linkType: hard

"property-information@npm:^6.0.0":
  version: 6.2.0
  resolution: "property-information@npm:6.2.0"
  checksum: 23afce07ba821cbe7d926e63cdd680991961c82be4bbb6c0b17c47f48894359c1be6e51cd74485fc10a9d3fd361b475388e1e39311ed2b53127718f72aab1955
  languageName: node
  linkType: hard

"react-dom@npm:^18.2.0":
  version: 18.2.0
  resolution: "react-dom@npm:18.2.0"
  dependencies:
    loose-envify: ^1.1.0
    scheduler: ^0.23.0
  peerDependencies:
    react: ^18.2.0
  checksum: 7d323310bea3a91be2965f9468d552f201b1c27891e45ddc2d6b8f717680c95a75ae0bc1e3f5cf41472446a2589a75aed4483aee8169287909fcd59ad149e8cc
  languageName: node
  linkType: hard

"react@npm:^18.2.0":
  version: 18.2.0
  resolution: "react@npm:18.2.0"
  dependencies:
    loose-envify: ^1.1.0
  checksum: 88e38092da8839b830cda6feef2e8505dec8ace60579e46aa5490fc3dc9bba0bd50336507dc166f43e3afc1c42939c09fe33b25fae889d6f402721dcd78fca1b
  languageName: node
  linkType: hard

"rehype-stringify@npm:^9.0.3":
  version: 9.0.3
  resolution: "rehype-stringify@npm:9.0.3"
  dependencies:
    "@types/hast": ^2.0.0
    hast-util-to-html: ^8.0.0
    unified: ^10.0.0
  checksum: ff4b1f3f88f2747a9f88d84f8cd9811e892a7309574480547ddfd94022725a62e17a9ccc69f9d909620a20f2a6ad750ea74b317f06ab50955209b5c0ede5cd3f
  languageName: node
  linkType: hard

"remark-parse@npm:^10.0.2":
  version: 10.0.2
  resolution: "remark-parse@npm:10.0.2"
  dependencies:
    "@types/mdast": ^3.0.0
    mdast-util-from-markdown: ^1.0.0
    unified: ^10.0.0
  checksum: 5041b4b44725f377e69986e02f8f072ae2222db5e7d3b6c80829756b842e811343ffc2069cae1f958a96bfa36104ab91a57d7d7e2f0cef521e210ab8c614d5c7
  languageName: node
  linkType: hard

"remark-rehype@npm:^10.1.0":
  version: 10.1.0
  resolution: "remark-rehype@npm:10.1.0"
  dependencies:
    "@types/hast": ^2.0.0
    "@types/mdast": ^3.0.0
    mdast-util-to-hast: ^12.1.0
    unified: ^10.0.0
  checksum: b9ac8acff3383b204dfdc2599d0bdf86e6ca7e837033209584af2e6aaa6a9013e519a379afa3201299798cab7298c8f4b388de118c312c67234c133318aec084
  languageName: node
  linkType: hard

"sade@npm:^1.7.3":
  version: 1.8.1
  resolution: "sade@npm:1.8.1"
  dependencies:
    mri: ^1.1.0
  checksum: 0756e5b04c51ccdc8221ebffd1548d0ce5a783a44a0fa9017a026659b97d632913e78f7dca59f2496aa996a0be0b0c322afd87ca72ccd909406f49dbffa0f45d
  languageName: node
  linkType: hard

"scheduler@npm:^0.23.0":
  version: 0.23.0
  resolution: "scheduler@npm:0.23.0"
  dependencies:
    loose-envify: ^1.1.0
  checksum: d79192eeaa12abef860c195ea45d37cbf2bbf5f66e3c4dcd16f54a7da53b17788a70d109ee3d3dde1a0fd50e6a8fc171f4300356c5aee4fc0171de526bf35f8a
  languageName: node
  linkType: hard

"section-matter@npm:^1.0.0":
  version: 1.0.0
  resolution: "section-matter@npm:1.0.0"
  dependencies:
    extend-shallow: ^2.0.1
    kind-of: ^6.0.0
  checksum: 3cc4131705493b2955729b075dcf562359bba66183debb0332752dc9cad35616f6da7a23e42b6cab45cd2e4bb5cda113e9e84c8f05aee77adb6b0289a0229101
  languageName: node
  linkType: hard

"source-map-js@npm:^1.0.2":
  version: 1.0.2
  resolution: "source-map-js@npm:1.0.2"
  checksum: c049a7fc4deb9a7e9b481ae3d424cc793cb4845daa690bc5a05d428bf41bf231ced49b4cf0c9e77f9d42fdb3d20d6187619fc586605f5eabe995a316da8d377c
  languageName: node
  linkType: hard

"space-separated-tokens@npm:^2.0.0":
  version: 2.0.2
  resolution: "space-separated-tokens@npm:2.0.2"
  checksum: 202e97d7ca1ba0758a0aa4fe226ff98142073bcceeff2da3aad037968878552c3bbce3b3231970025375bbba5aee00c5b8206eda408da837ab2dc9c0f26be990
  languageName: node
  linkType: hard

"sprintf-js@npm:~1.0.2":
  version: 1.0.3
  resolution: "sprintf-js@npm:1.0.3"
  checksum: 19d79aec211f09b99ec3099b5b2ae2f6e9cdefe50bc91ac4c69144b6d3928a640bb6ae5b3def70c2e85a2c3d9f5ec2719921e3a59d3ca3ef4b2fd1a4656a0df3
  languageName: node
  linkType: hard

"stringify-entities@npm:^4.0.0":
  version: 4.0.3
  resolution: "stringify-entities@npm:4.0.3"
  dependencies:
    character-entities-html4: ^2.0.0
    character-entities-legacy: ^3.0.0
  checksum: 59e8f523b403bf7d415690e72ae52982decd6ea5426bd8b3f5c66225ddde73e766c0c0d91627df082d0794e30b19dd907ffb5864cef3602e4098d6777d7ca3c2
  languageName: node
  linkType: hard

"strip-bom-string@npm:^1.0.0":
  version: 1.0.0
  resolution: "strip-bom-string@npm:1.0.0"
  checksum: 5635a3656d8512a2c194d6c8d5dee7ef0dde6802f7be9413b91e201981ad4132506656d9cf14137f019fd50f0269390d91c7f6a2601b1bee039a4859cfce4934
  languageName: node
  linkType: hard

"styled-jsx@npm:5.0.7":
  version: 5.0.7
  resolution: "styled-jsx@npm:5.0.7"
  peerDependencies:
    react: ">= 16.8.0 || 17.x.x || ^18.0.0-0"
  peerDependenciesMeta:
    "@babel/core":
      optional: true
    babel-plugin-macros:
      optional: true
  checksum: 61959993915f4b1662a682dbbefb3512de9399cf6901969bcadd26ba5441d2b5ca5c1021b233bbd573da2541b41efb45d56c6f618dbc8d88a381ebc62461fefe
  languageName: node
  linkType: hard

"trim-lines@npm:^3.0.0":
  version: 3.0.1
  resolution: "trim-lines@npm:3.0.1"
  checksum: e241da104682a0e0d807222cc1496b92e716af4db7a002f4aeff33ae6a0024fef93165d49eab11aa07c71e1347c42d46563f91dfaa4d3fb945aa535cdead53ed
  languageName: node
  linkType: hard

"trough@npm:^2.0.0":
  version: 2.1.0
  resolution: "trough@npm:2.1.0"
  checksum: a577bb561c2b401cc0e1d9e188fcfcdf63b09b151ff56a668da12197fe97cac15e3d77d5b51f426ccfd94255744a9118e9e9935afe81a3644fa1be9783c82886
  languageName: node
  linkType: hard

"tslib@npm:^2.4.0":
  version: 2.6.0
  resolution: "tslib@npm:2.6.0"
  checksum: c01066038f950016a18106ddeca4649b4d76caa76ec5a31e2a26e10586a59fceb4ee45e96719bf6c715648e7c14085a81fee5c62f7e9ebee68e77a5396e5538f
  languageName: node
  linkType: hard

"typescript@npm:5.1.6":
  version: 5.1.6
  resolution: "typescript@npm:5.1.6"
  bin:
    tsc: bin/tsc
    tsserver: bin/tsserver
  checksum: b2f2c35096035fe1f5facd1e38922ccb8558996331405eb00a5111cc948b2e733163cc22fab5db46992aba7dd520fff637f2c1df4996ff0e134e77d3249a7350
  languageName: node
  linkType: hard

"typescript@patch:typescript@5.1.6#~builtin<compat/typescript>":
  version: 5.1.6
  resolution: "typescript@patch:typescript@npm%3A5.1.6#~builtin<compat/typescript>::version=5.1.6&hash=5da071"
  bin:
    tsc: bin/tsc
    tsserver: bin/tsserver
  checksum: f53bfe97f7c8b2b6d23cf572750d4e7d1e0c5fff1c36d859d0ec84556a827b8785077bc27676bf7e71fae538e517c3ecc0f37e7f593be913d884805d931bc8be
  languageName: node
  linkType: hard

"unified@npm:^10.0.0, unified@npm:^10.1.2":
  version: 10.1.2
  resolution: "unified@npm:10.1.2"
  dependencies:
    "@types/unist": ^2.0.0
    bail: ^2.0.0
    extend: ^3.0.0
    is-buffer: ^2.0.0
    is-plain-obj: ^4.0.0
    trough: ^2.0.0
    vfile: ^5.0.0
  checksum: 053e7c65ede644607f87bd625a299e4b709869d2f76ec8138569e6e886903b6988b21cd9699e471eda42bee189527be0a9dac05936f1d069a5e65d0125d5d756
  languageName: node
  linkType: hard

"unist-util-generated@npm:^2.0.0":
  version: 2.0.1
  resolution: "unist-util-generated@npm:2.0.1"
  checksum: 6221ad0571dcc9c8964d6b054f39ef6571ed59cc0ce3e88ae97ea1c70afe76b46412a5ffaa91f96814644ac8477e23fb1b477d71f8d70e625728c5258f5c0d99
  languageName: node
  linkType: hard

"unist-util-is@npm:^5.0.0":
  version: 5.2.1
  resolution: "unist-util-is@npm:5.2.1"
  dependencies:
    "@types/unist": ^2.0.0
  checksum: ae76fdc3d35352cd92f1bedc3a0d407c3b9c42599a52ab9141fe89bdd786b51f0ec5a2ab68b93fb532e239457cae62f7e39eaa80229e1cb94875da2eafcbe5c4
  languageName: node
  linkType: hard

"unist-util-position@npm:^4.0.0":
  version: 4.0.4
  resolution: "unist-util-position@npm:4.0.4"
  dependencies:
    "@types/unist": ^2.0.0
  checksum: e7487b6cec9365299695e3379ded270a1717074fa11fd2407c9b934fb08db6fe1d9077ddeaf877ecf1813665f8ccded5171693d3d9a7a01a125ec5cdd5e88691
  languageName: node
  linkType: hard

"unist-util-stringify-position@npm:^3.0.0":
  version: 3.0.3
  resolution: "unist-util-stringify-position@npm:3.0.3"
  dependencies:
    "@types/unist": ^2.0.0
  checksum: dbd66c15183607ca942a2b1b7a9f6a5996f91c0d30cf8966fb88955a02349d9eefd3974e9010ee67e71175d784c5a9fea915b0aa0b0df99dcb921b95c4c9e124
  languageName: node
  linkType: hard

"unist-util-visit-parents@npm:^5.1.1":
  version: 5.1.3
  resolution: "unist-util-visit-parents@npm:5.1.3"
  dependencies:
    "@types/unist": ^2.0.0
    unist-util-is: ^5.0.0
  checksum: 8ecada5978994f846b64658cf13b4092cd78dea39e1ba2f5090a5de842ba4852712c02351a8ae95250c64f864635e7b02aedf3b4a093552bb30cf1bd160efbaa
  languageName: node
  linkType: hard

"unist-util-visit@npm:^4.0.0":
  version: 4.1.2
  resolution: "unist-util-visit@npm:4.1.2"
  dependencies:
    "@types/unist": ^2.0.0
    unist-util-is: ^5.0.0
    unist-util-visit-parents: ^5.1.1
  checksum: 95a34e3f7b5b2d4b68fd722b6229972099eb97b6df18913eda44a5c11df8b1e27efe7206dd7b88c4ed244a48c474a5b2e2629ab79558ff9eb936840295549cee
  languageName: node
  linkType: hard

"use-sync-external-store@npm:1.2.0":
  version: 1.2.0
  resolution: "use-sync-external-store@npm:1.2.0"
  peerDependencies:
    react: ^16.8.0 || ^17.0.0 || ^18.0.0
  checksum: 5c639e0f8da3521d605f59ce5be9e094ca772bd44a4ce7322b055a6f58eeed8dda3c94cabd90c7a41fb6fa852210092008afe48f7038792fd47501f33299116a
  languageName: node
  linkType: hard

"uvu@npm:^0.5.0":
  version: 0.5.6
  resolution: "uvu@npm:0.5.6"
  dependencies:
    dequal: ^2.0.0
    diff: ^5.0.0
    kleur: ^4.0.3
    sade: ^1.7.3
  bin:
    uvu: bin.js
  checksum: 09460a37975627de9fcad396e5078fb844d01aaf64a6399ebfcfd9e55f1c2037539b47611e8631f89be07656962af0cf48c334993db82b9ae9c3d25ce3862168
  languageName: node
  linkType: hard

"vfile-location@npm:^4.0.0":
  version: 4.1.0
  resolution: "vfile-location@npm:4.1.0"
  dependencies:
    "@types/unist": ^2.0.0
    vfile: ^5.0.0
  checksum: c894e8e5224170d1f85288f4a1d1ebcee0780823ea2b49d881648ab360ebf01b37ecb09b1c4439a75f9a51f31a9f9742cd045e987763e367c352a1ef7c50d446
  languageName: node
  linkType: hard

"vfile-message@npm:^3.0.0":
  version: 3.1.4
  resolution: "vfile-message@npm:3.1.4"
  dependencies:
    "@types/unist": ^2.0.0
    unist-util-stringify-position: ^3.0.0
  checksum: d0ee7da1973ad76513c274e7912adbed4d08d180eaa34e6bd40bc82459f4b7bc50fcaff41556135e3339995575eac5f6f709aba9332b80f775618ea4880a1367
  languageName: node
  linkType: hard

"vfile@npm:^5.0.0":
  version: 5.3.7
  resolution: "vfile@npm:5.3.7"
  dependencies:
    "@types/unist": ^2.0.0
    is-buffer: ^2.0.0
    unist-util-stringify-position: ^3.0.0
    vfile-message: ^3.0.0
  checksum: 642cce703afc186dbe7cabf698dc954c70146e853491086f5da39e1ce850676fc96b169fcf7898aa3ff245e9313aeec40da93acd1e1fcc0c146dc4f6308b4ef9
  languageName: node
  linkType: hard

"web-namespaces@npm:^2.0.0":
  version: 2.0.1
  resolution: "web-namespaces@npm:2.0.1"
  checksum: b6d9f02f1a43d0ef0848a812d89c83801d5bbad57d8bb61f02eb6d7eb794c3736f6cc2e1191664bb26136594c8218ac609f4069722c6f56d9fc2d808fa9271c6
  languageName: node
  linkType: hard

"zwitch@npm:^2.0.0, zwitch@npm:^2.0.4":
  version: 2.0.4
  resolution: "zwitch@npm:2.0.4"
  checksum: f22ec5fc2d5f02c423c93d35cdfa83573a3a3bd98c66b927c368ea4d0e7252a500df2a90a6b45522be536a96a73404393c958e945fdba95e6832c200791702b6
  languageName: node
  linkType: hard
